
Microsoft Visual Studio Solution File, Format Version 12.00
# Visual Studio Express 2013 for Windows Desktop
VisualStudioVersion = 12.0.21005.1
MinimumVisualStudioVersion = 10.0.40219.1
Project("{8BC9CEB8-8B4A-11D0-8D11-00A0C91BC942}") = "Day01_9am", "Day01_9am\Day01_9am.vcxproj", "{93332F39-9C90-4D1A-9FB4-94E6C7E07CCE}"
EndProject
Global
	GlobalSection(SolutionConfigurationPlatforms) = preSolution
		Debug|Win32 = Debug|Win32
		Release|Win32 = Release|Win32
	EndGlobalSection
	GlobalSection(ProjectConfigurationPlatforms) = postSolution
		{93332F39-9C90-4D1A-9FB4-94E6C7E07CCE}.Debug|Win32.ActiveCfg = Debug|Win32
		{93332F39-9C90-4D1A-9FB4-94E6C7E07CCE}.Debug|Win32.Build.0 = Debug|Win32
		{93332F39-9C90-4D1A-9FB4-94E6C7E07CCE}.Release|Win32.ActiveCfg = Release|Win32
		{93332F39-9C90-4D1A-9FB4-94E6C7E07CCE}.Release|Win32.Build.0 = Release|Win32
	EndGlobalSection
	GlobalSection(SolutionProperties) = preSolution
		HideSolutionNode = FALSE
	EndGlobalSection
EndGlobal
